
Microsoft Visual Studio Solution File, Format Version 12.00
# Visual Studio Version 16
VisualStudioVersion = 16.0.32602.291
MinimumVisualStudioVersion = 10.0.40219.1
Project("{FAE04EC0-301F-11D3-BF4B-00C04F79EFBC}") = "Arrays", "Arrays\Arrays.csproj", "{8A91CD11-1416-48ED-BB67-12B46194B552}"
EndProject
Global
	GlobalSection(SolutionConfigurationPlatforms) = preSolution
		Debug|Any CPU = Debug|Any CPU
		Release|Any CPU = Release|Any CPU
	EndGlobalSection
	GlobalSection(ProjectConfigurationPlatforms) = postSolution
		{8A91CD11-1416-48ED-BB67-12B46194B552}.Debug|Any CPU.ActiveCfg = Debug|Any CPU
		{8A91CD11-1416-48ED-BB67-12B46194B552}.Debug|Any CPU.Build.0 = Debug|Any CPU
		{8A91CD11-1416-48ED-BB67-12B46194B552}.Release|Any CPU.ActiveCfg = Release|Any CPU
		{8A91CD11-1416-48ED-BB67-12B46194B552}.Release|Any CPU.Build.0 = Release|Any CPU
	EndGlobalSection
	GlobalSection(SolutionProperties) = preSolution
		HideSolutionNode = FALSE
	EndGlobalSection
	GlobalSection(ExtensibilityGlobals) = postSolution
		SolutionGuid = {FD4CD277-4A48-4464-B46B-EA4F05C8C3D7}
	EndGlobalSection
EndGlobal
